// !$*UTF8*$!
{
	archiveVersion = 1;
	classes = {
	};
	objectVersion = 50;
	objects = {

/* Begin PBXBuildFile section */
		A7F9FB4C22D53A6400F90DE0 /* AppDelegate.swift in Sources */ = {isa = PBXBuildFile; fileRef = A7F9FB4B22D53A6400F90DE0 /* AppDelegate.swift */; };
		A7F9FB4E22D53A6400F90DE0 /* ViewController.swift in Sources */ = {isa = PBXBuildFile; fileRef = A7F9FB4D22D53A6400F90DE0 /* ViewController.swift */; };
		A7F9FB5122D53A6400F90DE0 /* Main.storyboard in Resources */ = {isa = PBXBuildFile; fileRef = A7F9FB4F22D53A6400F90DE0 /* Main.storyboard */; };
		A7F9FB5322D53A6800F90DE0 /* Assets.xcassets in Resources */ = {isa = PBXBuildFile; fileRef = A7F9FB5222D53A6800F90DE0 /* Assets.xcassets */; };
		A7F9FB5622D53A6800F90DE0 /* LaunchScreen.storyboard in Resources */ = {isa = PBXBuildFile; fileRef = A7F9FB5422D53A6800F90DE0 /* LaunchScreen.storyboard */; };
		A7F9FB6122D53A6800F90DE0 /* Activity_FinderTests.swift in Sources */ = {isa = PBXBuildFile; fileRef = A7F9FB6022D53A6800F90DE0 /* Activity_FinderTests.swift */; };
		A7F9FB6C22D53A6800F90DE0 /* Activity_FinderUITests.swift in Sources */ = {isa = PBXBuildFile; fileRef = A7F9FB6B22D53A6800F90DE0 /* Activity_FinderUITests.swift */; };
		A7F9FB7A22D5403500F90DE0 /* ActivityRandomizerControllerViewController.swift in Sources */ = {isa = PBXBuildFile; fileRef = A7F9FB7922D5403500F90DE0 /* ActivityRandomizerControllerViewController.swift */; };
/* End PBXBuildFile section */

/* Begin PBXContainerItemProxy section */
		A7F9FB5D22D53A6800F90DE0 /* PBXContainerItemProxy */ = {
			isa = PBXContainerItemProxy;
			containerPortal = A7F9FB4022D53A6300F90DE0 /* Project object */;
			proxyType = 1;
			remoteGlobalIDString = A7F9FB4722D53A6400F90DE0;
			remoteInfo = "Activity Finder";
		};
		A7F9FB6822D53A6800F90DE0 /* PBXContainerItemProxy */ = {
			isa = PBXContainerItemProxy;
			containerPortal = A7F9FB4022D53A6300F90DE0 /* Project object */;
			proxyType = 1;
			remoteGlobalIDString = A7F9FB4722D53A6400F90DE0;
			remoteInfo = "Activity Finder";
		};
/* End PBXContainerItemProxy section */

/* Begin PBXFileReference section */
		A7F9FB4822D53A6400F90DE0 /* ActivityFinder.app */ = {isa = PBXFileReference; explicitFileType = wrapper.application; includeInIndex = 0; path = ActivityFinder.app; sourceTree = BUILT_PRODUCTS_DIR; };
		A7F9FB4B22D53A6400F90DE0 /* AppDelegate.swift */ = {isa = PBXFileReference; lastKnownFileType = sourcecode.swift; path = AppDelegate.swift; sourceTree = "<group>"; };
		A7F9FB4D22D53A6400F90DE0 /* ViewController.swift */ = {isa = PBXFileReference; lastKnownFileType = sourcecode.swift; path = ViewController.swift; sourceTree = "<group>"; };
		A7F9FB5022D53A6400F90DE0 /* Base */ = {isa = PBXFileReference; lastKnownFileType = file.storyboard; name = Base; path = Base.lproj/Main.storyboard; sourceTree = "<group>"; };
		A7F9FB5222D53A6800F90DE0 /* Assets.xcassets */ = {isa = PBXFileReference; lastKnownFileType = folder.assetcatalog; path = Assets.xcassets; sourceTree = "<group>"; };
		A7F9FB5522D53A6800F90DE0 /* Base */ = {isa = PBXFileReference; lastKnownFileType = file.storyboard; name = Base; path = Base.lproj/LaunchScreen.storyboard; sourceTree = "<group>"; };
		A7F9FB5722D53A6800F90DE0 /* Info.plist */ = {isa = PBXFileReference; lastKnownFileType = text.plist.xml; path = Info.plist; sourceTree = "<group>"; };
		A7F9FB5C22D53A6800F90DE0 /* Activity FinderTests.xctest */ = {isa = PBXFileReference; explicitFileType = wrapper.cfbundle; includeInIndex = 0; path = "Activity FinderTests.xctest"; sourceTree = BUILT_PRODUCTS_DIR; };
		A7F9FB6022D53A6800F90DE0 /* Activity_FinderTests.swift */ = {isa = PBXFileReference; lastKnownFileType = sourcecode.swift; path = Activity_FinderTests.swift; sourceTree = "<group>"; };
		A7F9FB6222D53A6800F90DE0 /* Info.plist */ = {isa = PBXFileReference; lastKnownFileType = text.plist.xml; path = Info.plist; sourceTree = "<group>"; };
		A7F9FB6722D53A6800F90DE0 /* Activity FinderUITests.xctest */ = {isa = PBXFileReference; explicitFileType = wrapper.cfbundle; includeInIndex = 0; path = "Activity FinderUITests.xctest"; sourceTree = BUILT_PRODUCTS_DIR; };
		A7F9FB6B22D53A6800F90DE0 /* Activity_FinderUITests.swift */ = {isa = PBXFileReference; lastKnownFileType = sourcecode.swift; path = Activity_FinderUITests.swift; sourceTree = "<group>"; };
		A7F9FB6D22D53A6800F90DE0 /* Info.plist */ = {isa = PBXFileReference; lastKnownFileType = text.plist.xml; path = Info.plist; sourceTree = "<group>"; };
		A7F9FB7922D5403500F90DE0 /* ActivityRandomizerControllerViewController.swift */ = {isa = PBXFileReference; lastKnownFileType = sourcecode.swift; path = ActivityRandomizerControllerViewController.swift; sourceTree = "<group>"; };
/* End PBXFileReference section */

/* Begin PBXFrameworksBuildPhase section */
		A7F9FB4522D53A6400F90DE0 /* Frameworks */ = {
			isa = PBXFrameworksBuildPhase;
			buildActionMask = 2147483647;
			files = (
			);
			runOnlyForDeploymentPostprocessing = 0;
		};
		A7F9FB5922D53A6800F90DE0 /* Frameworks */ = {
			isa = PBXFrameworksBuildPhase;
			buildActionMask = 2147483647;
			files = (
			);
			runOnlyForDeploymentPostprocessing = 0;
		};
		A7F9FB6422D53A6800F90DE0 /* Frameworks */ = {
			isa = PBXFrameworksBuildPhase;
			buildActionMask = 2147483647;
			files = (
			);
			runOnlyForDeploymentPostprocessing = 0;
		};
/* End PBXFrameworksBuildPhase section */

/* Begin PBXGroup section */
		A7F9FB3F22D53A6300F90DE0 = {
			isa = PBXGroup;
			children = (
				A7F9FB4A22D53A6400F90DE0 /* Activity Finder */,
				A7F9FB5F22D53A6800F90DE0 /* Activity FinderTests */,
				A7F9FB6A22D53A6800F90DE0 /* Activity FinderUITests */,
				A7F9FB4922D53A6400F90DE0 /* Products */,
			);
			sourceTree = "<group>";
		};
		A7F9FB4922D53A6400F90DE0 /* Products */ = {
			isa = PBXGroup;
			children = (
				A7F9FB4822D53A6400F90DE0 /* ActivityFinder.app */,
				A7F9FB5C22D53A6800F90DE0 /* Activity FinderTests.xctest */,
				A7F9FB6722D53A6800F90DE0 /* Activity FinderUITests.xctest */,
			);
			name = Products;
			sourceTree = "<group>";
		};
		A7F9FB4A22D53A6400F90DE0 /* Activity Finder */ = {
			isa = PBXGroup;
			children = (
				A7F9FB4B22D53A6400F90DE0 /* AppDelegate.swift */,
				A7F9FB4D22D53A6400F90DE0 /* ViewController.swift */,
				A7F9FB4F22D53A6400F90DE0 /* Main.storyboard */,
				A7F9FB5222D53A6800F90DE0 /* Assets.xcassets */,
				A7F9FB5422D53A6800F90DE0 /* LaunchScreen.storyboard */,
				A7F9FB5722D53A6800F90DE0 /* Info.plist */,
				A7F9FB7922D5403500F90DE0 /* ActivityRandomizerControllerViewController.swift */,
			);
			path = "Activity Finder";
			sourceTree = "<group>";
		};
		A7F9FB5F22D53A6800F90DE0 /* Activity FinderTests */ = {
			isa = PBXGroup;
			children = (
				A7F9FB6022D53A6800F90DE0 /* Activity_FinderTests.swift */,
				A7F9FB6222D53A6800F90DE0 /* Info.plist */,
			);
			path = "Activity FinderTests";
			sourceTree = "<group>";
		};
		A7F9FB6A22D53A6800F90DE0 /* Activity FinderUITests */ = {
			isa = PBXGroup;
			children = (
				A7F9FB6B22D53A6800F90DE0 /* Activity_FinderUITests.swift */,
				A7F9FB6D22D53A6800F90DE0 /* Info.plist */,
			);
			path = "Activity FinderUITests";
			sourceTree = "<group>";
		};
/* End PBXGroup section */

/* Begin PBXNativeTarget section */
		A7F9FB4722D53A6400F90DE0 /* Activity Finder */ = {
			isa = PBXNativeTarget;
			buildConfigurationList = A7F9FB7022D53A6800F90DE0 /* Build configuration list for PBXNativeTarget "Activity Finder" */;
			buildPhases = (
				A7F9FB4422D53A6400F90DE0 /* Sources */,
				A7F9FB4522D53A6400F90DE0 /* Frameworks */,
				A7F9FB4622D53A6400F90DE0 /* Resources */,
			);
			buildRules = (
			);
			dependencies = (
			);
			name = "Activity Finder";
			productName = "Activity Finder";
			productReference = A7F9FB4822D53A6400F90DE0 /* ActivityFinder.app */;
			productType = "com.apple.product-type.application";
		};
		A7F9FB5B22D53A6800F90DE0 /* Activity FinderTests */ = {
			isa = PBXNativeTarget;
			buildConfigurationList = A7F9FB7322D53A6800F90DE0 /* Build configuration list for PBXNativeTarget "Activity FinderTests" */;
			buildPhases = (
				A7F9FB5822D53A6800F90DE0 /* Sources */,
				A7F9FB5922D53A6800F90DE0 /* Frameworks */,
				A7F9FB5A22D53A6800F90DE0 /* Resources */,
			);
			buildRules = (
			);
			dependencies = (
				A7F9FB5E22D53A6800F90DE0 /* PBXTargetDependency */,
			);
			name = "Activity FinderTests";
			productName = "Activity FinderTests";
			productReference = A7F9FB5C22D53A6800F90DE0 /* Activity FinderTests.xctest */;
			productType = "com.apple.product-type.bundle.unit-test";
		};
		A7F9FB6622D53A6800F90DE0 /* Activity FinderUITests */ = {
			isa = PBXNativeTarget;
			buildConfigurationList = A7F9FB7622D53A6800F90DE0 /* Build configuration list for PBXNativeTarget "Activity FinderUITests" */;
			buildPhases = (
				A7F9FB6322D53A6800F90DE0 /* Sources */,
				A7F9FB6422D53A6800F90DE0 /* Frameworks */,
				A7F9FB6522D53A6800F90DE0 /* Resources */,
			);
			buildRules = (
			);
			dependencies = (
				A7F9FB6922D53A6800F90DE0 /* PBXTargetDependency */,
			);
			name = "Activity FinderUITests";
			productName = "Activity FinderUITests";
			productReference = A7F9FB6722D53A6800F90DE0 /* Activity FinderUITests.xctest */;
			productType = "com.apple.product-type.bundle.ui-testing";
		};
/* End PBXNativeTarget section */

/* Begin PBXProject section */
		A7F9FB4022D53A6300F90DE0 /* Project object */ = {
			isa = PBXProject;
			attributes = {
				LastSwiftUpdateCheck = 1010;
				LastUpgradeCheck = 1010;
				ORGANIZATIONNAME = "Safiyah Lakhany";
				TargetAttributes = {
					A7F9FB4722D53A6400F90DE0 = {
						CreatedOnToolsVersion = 10.1;
					};
					A7F9FB5B22D53A6800F90DE0 = {
						CreatedOnToolsVersion = 10.1;
						TestTargetID = A7F9FB4722D53A6400F90DE0;
					};
					A7F9FB6622D53A6800F90DE0 = {
						CreatedOnToolsVersion = 10.1;
						TestTargetID = A7F9FB4722D53A6400F90DE0;
					};
				};
			};
			buildConfigurationList = A7F9FB4322D53A6400F90DE0 /* Build configuration list for PBXProject "Activity Finder" */;
			compatibilityVersion = "Xcode 9.3";
			developmentRegion = en;
			hasScannedForEncodings = 0;
			knownRegions = (
				en,
				Base,
			);
			mainGroup = A7F9FB3F22D53A6300F90DE0;
			productRefGroup = A7F9FB4922D53A6400F90DE0 /* Products */;
			projectDirPath = "";
			projectRoot = "";
			targets = (
				A7F9FB4722D53A6400F90DE0 /* Activity Finder */,
				A7F9FB5B22D53A6800F90DE0 /* Activity FinderTests */,
				A7F9FB6622D53A6800F90DE0 /* Activity FinderUITests */,
			);
		};
/* End PBXProject section */

/* Begin PBXResourcesBuildPhase section */
		A7F9FB4622D53A6400F90DE0 /* Resources */ = {
			isa = PBXResourcesBuildPhase;
			buildActionMask = 2147483647;
			files = (
				A7F9FB5622D53A6800F90DE0 /* LaunchScreen.storyboard in Resources */,
				A7F9FB5322D53A6800F90DE0 /* Assets.xcassets in Resources */,
				A7F9FB5122D53A6400F90DE0 /* Main.storyboard in Resources */,
			);
			runOnlyForDeploymentPostprocessing = 0;
		};
		A7F9FB5A22D53A6800F90DE0 /* Resources */ = {
			isa = PBXResourcesBuildPhase;
			buildActionMask = 2147483647;
			files = (
			);
			runOnlyForDeploymentPostprocessing = 0;
		};
		A7F9FB6522D53A6800F90DE0 /* Resources */ = {
			isa = PBXResourcesBuildPhase;
			buildActionMask = 2147483647;
			files = (
			);
			runOnlyForDeploymentPostprocessing = 0;
		};
/* End PBXResourcesBuildPhase section */

/* Begin PBXSourcesBuildPhase section */
		A7F9FB4422D53A6400F90DE0 /* Sources */ = {
			isa = PBXSourcesBuildPhase;
			buildActionMask = 2147483647;
			files = (
				A7F9FB7A22D5403500F90DE0 /* ActivityRandomizerControllerViewController.swift in Sources */,
				A7F9FB4E22D53A6400F90DE0 /* ViewController.swift in Sources */,
				A7F9FB4C22D53A6400F90DE0 /* AppDelegate.swift in Sources */,
			);
			runOnlyForDeploymentPostprocessing = 0;
		};
		A7F9FB5822D53A6800F90DE0 /* Sources */ = {
			isa = PBXSourcesBuildPhase;
			buildActionMask = 2147483647;
			files = (
				A7F9FB6122D53A6800F90DE0 /* Activity_FinderTests.swift in Sources */,
			);
			runOnlyForDeploymentPostprocessing = 0;
		};
		A7F9FB6322D53A6800F90DE0 /* Sources */ = {
			isa = PBXSourcesBuildPhase;
			buildActionMask = 2147483647;
			files = (
				A7F9FB6C22D53A6800F90DE0 /* Activity_FinderUITests.swift in Sources */,
			);
			runOnlyForDeploymentPostprocessing = 0;
		};
/* End PBXSourcesBuildPhase section */

/* Begin PBXTargetDependency section */
		A7F9FB5E22D53A6800F90DE0 /* PBXTargetDependency */ = {
			isa = PBXTargetDependency;
			target = A7F9FB4722D53A6400F90DE0 /* Activity Finder */;
			targetProxy = A7F9FB5D22D53A6800F90DE0 /* PBXContainerItemProxy */;
		};
		A7F9FB6922D53A6800F90DE0 /* PBXTargetDependency */ = {
			isa = PBXTargetDependency;
			target = A7F9FB4722D53A6400F90DE0 /* Activity Finder */;
			targetProxy = A7F9FB6822D53A6800F90DE0 /* PBXContainerItemProxy */;
		};
/* End PBXTargetDependency section */

/* Begin PBXVariantGroup section */
		A7F9FB4F22D53A6400F90DE0 /* Main.storyboard */ = {
			isa = PBXVariantGroup;
			children = (
				A7F9FB5022D53A6400F90DE0 /* Base */,
			);
			name = Main.storyboard;
			sourceTree = "<group>";
		};
		A7F9FB5422D53A6800F90DE0 /* LaunchScreen.storyboard */ = {
			isa = PBXVariantGroup;
			children = (
				A7F9FB5522D53A6800F90DE0 /* Base */,
			);
			name = LaunchScreen.storyboard;
			sourceTree = "<group>";
		};
/* End PBXVariantGroup section */

/* Begin XCBuildConfiguration section */
		A7F9FB6E22D53A6800F90DE0 /* Debug */ = {
			isa = XCBuildConfiguration;
			buildSettings = {
				ALWAYS_SEARCH_USER_PATHS = NO;
				CLANG_ANALYZER_NONNULL = YES;
				CLANG_ANALYZER_NUMBER_OBJECT_CONVERSION = YES_AGGRESSIVE;
				CLANG_CXX_LANGUAGE_STANDARD = "gnu++14";
				CLANG_CXX_LIBRARY = "libc++";
				CLANG_ENABLE_MODULES = YES;
				CLANG_ENABLE_OBJC_ARC = YES;
				CLANG_ENABLE_OBJC_WEAK = YES;
				CLANG_WARN_BLOCK_CAPTURE_AUTORELEASING = YES;
				CLANG_WARN_BOOL_CONVERSION = YES;
				CLANG_WARN_COMMA = YES;
				CLANG_WARN_CONSTANT_CONVERSION = YES;
				CLANG_WARN_DEPRECATED_OBJC_IMPLEMENTATIONS = YES;
				CLANG_WARN_DIRECT_OBJC_ISA_USAGE = YES_ERROR;
				CLANG_WARN_DOCUMENTATION_COMMENTS = YES;
				CLANG_WARN_EMPTY_BODY = YES;
				CLANG_WARN_ENUM_CONVERSION = YES;
				CLANG_WARN_INFINITE_RECURSION = YES;
				CLANG_WARN_INT_CONVERSION = YES;
				CLANG_WARN_NON_LITERAL_NULL_CONVERSION = YES;
				CLANG_WARN_OBJC_IMPLICIT_RETAIN_SELF = YES;
				CLANG_WARN_OBJC_LITERAL_CONVERSION = YES;
				CLANG_WARN_OBJC_ROOT_CLASS = YES_ERROR;
				CLANG_WARN_RANGE_LOOP_ANALYSIS = YES;
				CLANG_WARN_STRICT_PROTOTYPES = YES;
				CLANG_WARN_SUSPICIOUS_MOVE = YES;
				CLANG_WARN_UNGUARDED_AVAILABILITY = YES_AGGRESSIVE;
				CLANG_WARN_UNREACHABLE_CODE = YES;
				CLANG_WARN__DUPLICATE_METHOD_MATCH = YES;
				CODE_SIGN_IDENTITY = "iPhone Developer";
				COPY_PHASE_STRIP = NO;
				DEBUG_INFORMATION_FORMAT = dwarf;
				ENABLE_STRICT_OBJC_MSGSEND = YES;
				ENABLE_TESTABILITY = YES;
				GCC_C_LANGUAGE_STANDARD = gnu11;
				GCC_DYNAMIC_NO_PIC = NO;
				GCC_NO_COMMON_BLOCKS = YES;
				GCC_OPTIMIZATION_LEVEL = 0;
				GCC_PREPROCESSOR_DEFINITIONS = (
					"DEBUG=1",
					"$(inherited)",
				);
				GCC_WARN_64_TO_32_BIT_CONVERSION = YES;
				GCC_WARN_ABOUT_RETURN_TYPE = YES_ERROR;
				GCC_WARN_UNDECLARED_SELECTOR = YES;
				GCC_WARN_UNINITIALIZED_AUTOS = YES_AGGRESSIVE;
				GCC_WARN_UNUSED_FUNCTION = YES;
				GCC_WARN_UNUSED_VARIABLE = YES;
				IPHONEOS_DEPLOYMENT_TARGET = 12.1;
				MTL_ENABLE_DEBUG_INFO = INCLUDE_SOURCE;
				MTL_FAST_MATH = YES;
				ONLY_ACTIVE_ARCH = YES;
				SDKROOT = iphoneos;
				SWIFT_ACTIVE_COMPILATION_CONDITIONS = DEBUG;
				SWIFT_OPTIMIZATION_LEVEL = "-Onone";
			};
			name = Debug;
		};
		A7F9FB6F22D53A6800F90DE0 /* Release */ = {
			isa = XCBuildConfiguration;
			buildSettings = {
				ALWAYS_SEARCH_USER_PATHS = NO;
				CLANG_ANALYZER_NONNULL = YES;
				CLANG_ANALYZER_NUMBER_OBJECT_CONVERSION = YES_AGGRESSIVE;
				CLANG_CXX_LANGUAGE_STANDARD = "gnu++14";
				CLANG_CXX_LIBRARY = "libc++";
				CLANG_ENABLE_MODULES = YES;
				CLANG_ENABLE_OBJC_ARC = YES;
				CLANG_ENABLE_OBJC_WEAK = YES;
				CLANG_WARN_BLOCK_CAPTURE_AUTORELEASING = YES;
				CLANG_WARN_BOOL_CONVERSION = YES;
				CLANG_WARN_COMMA = YES;
				CLANG_WARN_CONSTANT_CONVERSION = YES;
				CLANG_WARN_DEPRECATED_OBJC_IMPLEMENTATIONS = YES;
				CLANG_WARN_DIRECT_OBJC_ISA_USAGE = YES_ERROR;
				CLANG_WARN_DOCUMENTATION_COMMENTS = YES;
				CLANG_WARN_EMPTY_BODY = YES;
				CLANG_WARN_ENUM_CONVERSION = YES;
				CLANG_WARN_INFINITE_RECURSION = YES;
				CLANG_WARN_INT_CONVERSION = YES;
				CLANG_WARN_NON_LITERAL_NULL_CONVERSION = YES;
				CLANG_WARN_OBJC_IMPLICIT_RETAIN_SELF = YES;
				CLANG_WARN_OBJC_LITERAL_CONVERSION = YES;
				CLANG_WARN_OBJC_ROOT_CLASS = YES_ERROR;
				CLANG_WARN_RANGE_LOOP_ANALYSIS = YES;
				CLANG_WARN_STRICT_PROTOTYPES = YES;
				CLANG_WARN_SUSPICIOUS_MOVE = YES;
				CLANG_WARN_UNGUARDED_AVAILABILITY = YES_AGGRESSIVE;
				CLANG_WARN_UNREACHABLE_CODE = YES;
				CLANG_WARN__DUPLICATE_METHOD_MATCH = YES;
				CODE_SIGN_IDENTITY = "iPhone Developer";
				COPY_PHASE_STRIP = NO;
				DEBUG_INFORMATION_FORMAT = "dwarf-with-dsym";
				ENABLE_NS_ASSERTIONS = NO;
				ENABLE_STRICT_OBJC_MSGSEND = YES;
				GCC_C_LANGUAGE_STANDARD = gnu11;
				GCC_NO_COMMON_BLOCKS = YES;
				GCC_WARN_64_TO_32_BIT_CONVERSION = YES;
				GCC_WARN_ABOUT_RETURN_TYPE = YES_ERROR;
				GCC_WARN_UNDECLARED_SELECTOR = YES;
				GCC_WARN_UNINITIALIZED_AUTOS = YES_AGGRESSIVE;
				GCC_WARN_UNUSED_FUNCTION = YES;
				GCC_WARN_UNUSED_VARIABLE = YES;
				IPHONEOS_DEPLOYMENT_TARGET = 12.1;
				MTL_ENABLE_DEBUG_INFO = NO;
				MTL_FAST_MATH = YES;
				SDKROOT = iphoneos;
				SWIFT_COMPILATION_MODE = wholemodule;
				SWIFT_OPTIMIZATION_LEVEL = "-O";
				VALIDATE_PRODUCT = YES;
			};
			name = Release;
		};
		A7F9FB7122D53A6800F90DE0 /* Debug */ = {
			isa = XCBuildConfiguration;
			buildSettings = {
				ASSETCATALOG_COMPILER_APPICON_NAME = AppIcon;
				CODE_SIGN_STYLE = Automatic;
				INFOPLIST_FILE = "Activity Finder/Info.plist";
				LD_RUNPATH_SEARCH_PATHS = (
					"$(inherited)",
					"@executable_path/Frameworks",
				);
				PRODUCT_BUNDLE_IDENTIFIER = "SL.Activity-Finder";
				PRODUCT_NAME = ActivityFinder;
				SWIFT_VERSION = 4.2;
				TARGETED_DEVICE_FAMILY = "1,2";
			};
			name = Debug;
		};
		A7F9FB7222D53A6800F90DE0 /* Release */ = {
			isa = XCBuildConfiguration;
			buildSettings = {
				ASSETCATALOG_COMPILER_APPICON_NAME = AppIcon;
				CODE_SIGN_STYLE = Automatic;
				INFOPLIST_FILE = "Activity Finder/Info.plist";
				LD_RUNPATH_SEARCH_PATHS = (
					"$(inherited)",
					"@executable_path/Frameworks",
				);
				PRODUCT_BUNDLE_IDENTIFIER = "SL.Activity-Finder";
				PRODUCT_NAME = ActivityFinder;
				SWIFT_VERSION = 4.2;
				TARGETED_DEVICE_FAMILY = "1,2";
			};
			name = Release;
		};
		A7F9FB7422D53A6800F90DE0 /* Debug */ = {
			isa = XCBuildConfiguration;
			buildSettings = {
				ALWAYS_EMBED_SWIFT_STANDARD_LIBRARIES = YES;
				BUNDLE_LOADER = "$(TEST_HOST)";
				CODE_SIGN_STYLE = Automatic;
				INFOPLIST_FILE = "Activity FinderTests/Info.plist";
				LD_RUNPATH_SEARCH_PATHS = (
					"$(inherited)",
					"@executable_path/Frameworks",
					"@loader_path/Frameworks",
				);
				PRODUCT_BUNDLE_IDENTIFIER = "SL.Activity-FinderTests";
				PRODUCT_NAME = "$(TARGET_NAME)";
				SWIFT_VERSION = 4.2;
				TARGETED_DEVICE_FAMILY = "1,2";
				TEST_HOST = "$(BUILT_PRODUCTS_DIR)/Activity Finder.app/Activity Finder";
			};
			name = Debug;
		};
		A7F9FB7522D53A6800F90DE0 /* Release */ = {
			isa = XCBuildConfiguration;
			buildSettings = {
				ALWAYS_EMBED_SWIFT_STANDARD_LIBRARIES = YES;
				BUNDLE_LOADER = "$(TEST_HOST)";
				CODE_SIGN_STYLE = Automatic;
				INFOPLIST_FILE = "Activity FinderTests/Info.plist";
				LD_RUNPATH_SEARCH_PATHS = (
					"$(inherited)",
					"@executable_path/Frameworks",
					"@loader_path/Frameworks",
				);
				PRODUCT_BUNDLE_IDENTIFIER = "SL.Activity-FinderTests";
				PRODUCT_NAME = "$(TARGET_NAME)";
				SWIFT_VERSION = 4.2;
				TARGETED_DEVICE_FAMILY = "1,2";
				TEST_HOST = "$(BUILT_PRODUCTS_DIR)/Activity Finder.app/Activity Finder";
			};
			name = Release;
		};
		A7F9FB7722D53A6800F90DE0 /* Debug */ = {
			isa = XCBuildConfiguration;
			buildSettings = {
				ALWAYS_EMBED_SWIFT_STANDARD_LIBRARIES = YES;
				CODE_SIGN_STYLE = Automatic;
				INFOPLIST_FILE = "Activity FinderUITests/Info.plist";
				LD_RUNPATH_SEARCH_PATHS = (
					"$(inherited)",
					"@executable_path/Frameworks",
					"@loader_path/Frameworks",
				);
				PRODUCT_BUNDLE_IDENTIFIER = "SL.Activity-FinderUITests";
				PRODUCT_NAME = "$(TARGET_NAME)";
				SWIFT_VERSION = 4.2;
				TARGETED_DEVICE_FAMILY = "1,2";
				TEST_TARGET_NAME = "Activity Finder";
			};
			name = Debug;
		};
		A7F9FB7822D53A6800F90DE0 /* Release */ = {
			isa = XCBuildConfiguration;
			buildSettings = {
				ALWAYS_EMBED_SWIFT_STANDARD_LIBRARIES = YES;
				CODE_SIGN_STYLE = Automatic;
				INFOPLIST_FILE = "Activity FinderUITests/Info.plist";
				LD_RUNPATH_SEARCH_PATHS = (
					"$(inherited)",
					"@executable_path/Frameworks",
					"@loader_path/Frameworks",
				);
				PRODUCT_BUNDLE_IDENTIFIER = "SL.Activity-FinderUITests";
				PRODUCT_NAME = "$(TARGET_NAME)";
				SWIFT_VERSION = 4.2;
				TARGETED_DEVICE_FAMILY = "1,2";
				TEST_TARGET_NAME = "Activity Finder";
			};
			name = Release;
		};
/* End XCBuildConfiguration section */

/* Begin XCConfigurationList section */
		A7F9FB4322D53A6400F90DE0 /* Build configuration list for PBXProject "Activity Finder" */ = {
			isa = XCConfigurationList;
			buildConfigurations = (
				A7F9FB6E22D53A6800F90DE0 /* Debug */,
				A7F9FB6F22D53A6800F90DE0 /* Release */,
			);
			defaultConfigurationIsVisible = 0;
			defaultConfigurationName = Release;
		};
		A7F9FB7022D53A6800F90DE0 /* Build configuration list for PBXNativeTarget "Activity Finder" */ = {
			isa = XCConfigurationList;
			buildConfigurations = (
				A7F9FB7122D53A6800F90DE0 /* Debug */,
				A7F9FB7222D53A6800F90DE0 /* Release */,
			);
			defaultConfigurationIsVisible = 0;
			defaultConfigurationName = Release;
		};
		A7F9FB7322D53A6800F90DE0 /* Build configuration list for PBXNativeTarget "Activity FinderTests" */ = {
			isa = XCConfigurationList;
			buildConfigurations = (
				A7F9FB7422D53A6800F90DE0 /* Debug */,
				A7F9FB7522D53A6800F90DE0 /* Release */,
			);
			defaultConfigurationIsVisible = 0;
			defaultConfigurationName = Release;
		};
		A7F9FB7622D53A6800F90DE0 /* Build configuration list for PBXNativeTarget "Activity FinderUITests" */ = {
			isa = XCConfigurationList;
			buildConfigurations = (
				A7F9FB7722D53A6800F90DE0 /* Debug */,
				A7F9FB7822D53A6800F90DE0 /* Release */,
			);
			defaultConfigurationIsVisible = 0;
			defaultConfigurationName = Release;
		};
/* End XCConfigurationList section */
	};
	rootObject = A7F9FB4022D53A6300F90DE0 /* Project object */;
}
