// !$*UTF8*$!
{
	archiveVersion = 1;
	classes = {
	};
	objectVersion = 50;
	objects = {

/* Begin PBXBuildFile section */
		A7F9FB8822D67F8100F90DE0 /* AppDelegate.swift in Sources */ = {isa = PBXBuildFile; fileRef = A7F9FB8722D67F8100F90DE0 /* AppDelegate.swift */; };
		A7F9FB8A22D67F8100F90DE0 /* ViewController.swift in Sources */ = {isa = PBXBuildFile; fileRef = A7F9FB8922D67F8100F90DE0 /* ViewController.swift */; };
		A7F9FB8D22D67F8100F90DE0 /* Main.storyboard in Resources */ = {isa = PBXBuildFile; fileRef = A7F9FB8B22D67F8100F90DE0 /* Main.storyboard */; };
		A7F9FB8F22D67F8300F90DE0 /* Assets.xcassets in Resources */ = {isa = PBXBuildFile; fileRef = A7F9FB8E22D67F8300F90DE0 /* Assets.xcassets */; };
		A7F9FB9222D67F8300F90DE0 /* LaunchScreen.storyboard in Resources */ = {isa = PBXBuildFile; fileRef = A7F9FB9022D67F8300F90DE0 /* LaunchScreen.storyboard */; };
		A7F9FB9D22D67F8400F90DE0 /* StarWarsTriviaTests.swift in Sources */ = {isa = PBXBuildFile; fileRef = A7F9FB9C22D67F8400F90DE0 /* StarWarsTriviaTests.swift */; };
		A7F9FBA822D67F8400F90DE0 /* StarWarsTriviaUITests.swift in Sources */ = {isa = PBXBuildFile; fileRef = A7F9FBA722D67F8400F90DE0 /* StarWarsTriviaUITests.swift */; };
		A7F9FBB622D6874700F90DE0 /* QuizController.swift in Sources */ = {isa = PBXBuildFile; fileRef = A7F9FBB522D6874700F90DE0 /* QuizController.swift */; };
		A7F9FBB822D6A26900F90DE0 /* ResultsController.swift in Sources */ = {isa = PBXBuildFile; fileRef = A7F9FBB722D6A26800F90DE0 /* ResultsController.swift */; };
/* End PBXBuildFile section */

/* Begin PBXContainerItemProxy section */
		A7F9FB9922D67F8400F90DE0 /* PBXContainerItemProxy */ = {
			isa = PBXContainerItemProxy;
			containerPortal = A7F9FB7C22D67F8100F90DE0 /* Project object */;
			proxyType = 1;
			remoteGlobalIDString = A7F9FB8322D67F8100F90DE0;
			remoteInfo = StarWarsTrivia;
		};
		A7F9FBA422D67F8400F90DE0 /* PBXContainerItemProxy */ = {
			isa = PBXContainerItemProxy;
			containerPortal = A7F9FB7C22D67F8100F90DE0 /* Project object */;
			proxyType = 1;
			remoteGlobalIDString = A7F9FB8322D67F8100F90DE0;
			remoteInfo = StarWarsTrivia;
		};
/* End PBXContainerItemProxy section */

/* Begin PBXFileReference section */
		A7F9FB8422D67F8100F90DE0 /* StarWarsTrivia.app */ = {isa = PBXFileReference; explicitFileType = wrapper.application; includeInIndex = 0; path = StarWarsTrivia.app; sourceTree = BUILT_PRODUCTS_DIR; };
		A7F9FB8722D67F8100F90DE0 /* AppDelegate.swift */ = {isa = PBXFileReference; lastKnownFileType = sourcecode.swift; path = AppDelegate.swift; sourceTree = "<group>"; };
		A7F9FB8922D67F8100F90DE0 /* ViewController.swift */ = {isa = PBXFileReference; lastKnownFileType = sourcecode.swift; path = ViewController.swift; sourceTree = "<group>"; };
		A7F9FB8C22D67F8100F90DE0 /* Base */ = {isa = PBXFileReference; lastKnownFileType = file.storyboard; name = Base; path = Base.lproj/Main.storyboard; sourceTree = "<group>"; };
		A7F9FB8E22D67F8300F90DE0 /* Assets.xcassets */ = {isa = PBXFileReference; lastKnownFileType = folder.assetcatalog; path = Assets.xcassets; sourceTree = "<group>"; };
		A7F9FB9122D67F8300F90DE0 /* Base */ = {isa = PBXFileReference; lastKnownFileType = file.storyboard; name = Base; path = Base.lproj/LaunchScreen.storyboard; sourceTree = "<group>"; };
		A7F9FB9322D67F8300F90DE0 /* Info.plist */ = {isa = PBXFileReference; lastKnownFileType = text.plist.xml; path = Info.plist; sourceTree = "<group>"; };
		A7F9FB9822D67F8400F90DE0 /* StarWarsTriviaTests.xctest */ = {isa = PBXFileReference; explicitFileType = wrapper.cfbundle; includeInIndex = 0; path = StarWarsTriviaTests.xctest; sourceTree = BUILT_PRODUCTS_DIR; };
		A7F9FB9C22D67F8400F90DE0 /* StarWarsTriviaTests.swift */ = {isa = PBXFileReference; lastKnownFileType = sourcecode.swift; path = StarWarsTriviaTests.swift; sourceTree = "<group>"; };
		A7F9FB9E22D67F8400F90DE0 /* Info.plist */ = {isa = PBXFileReference; lastKnownFileType = text.plist.xml; path = Info.plist; sourceTree = "<group>"; };
		A7F9FBA322D67F8400F90DE0 /* StarWarsTriviaUITests.xctest */ = {isa = PBXFileReference; explicitFileType = wrapper.cfbundle; includeInIndex = 0; path = StarWarsTriviaUITests.xctest; sourceTree = BUILT_PRODUCTS_DIR; };
		A7F9FBA722D67F8400F90DE0 /* StarWarsTriviaUITests.swift */ = {isa = PBXFileReference; lastKnownFileType = sourcecode.swift; path = StarWarsTriviaUITests.swift; sourceTree = "<group>"; };
		A7F9FBA922D67F8400F90DE0 /* Info.plist */ = {isa = PBXFileReference; lastKnownFileType = text.plist.xml; path = Info.plist; sourceTree = "<group>"; };
		A7F9FBB522D6874700F90DE0 /* QuizController.swift */ = {isa = PBXFileReference; lastKnownFileType = sourcecode.swift; path = QuizController.swift; sourceTree = "<group>"; };
		A7F9FBB722D6A26800F90DE0 /* ResultsController.swift */ = {isa = PBXFileReference; lastKnownFileType = sourcecode.swift; path = ResultsController.swift; sourceTree = "<group>"; };
/* End PBXFileReference section */

/* Begin PBXFrameworksBuildPhase section */
		A7F9FB8122D67F8100F90DE0 /* Frameworks */ = {
			isa = PBXFrameworksBuildPhase;
			buildActionMask = 2147483647;
			files = (
			);
			runOnlyForDeploymentPostprocessing = 0;
		};
		A7F9FB9522D67F8400F90DE0 /* Frameworks */ = {
			isa = PBXFrameworksBuildPhase;
			buildActionMask = 2147483647;
			files = (
			);
			runOnlyForDeploymentPostprocessing = 0;
		};
		A7F9FBA022D67F8400F90DE0 /* Frameworks */ = {
			isa = PBXFrameworksBuildPhase;
			buildActionMask = 2147483647;
			files = (
			);
			runOnlyForDeploymentPostprocessing = 0;
		};
/* End PBXFrameworksBuildPhase section */

/* Begin PBXGroup section */
		A7F9FB7B22D67F8100F90DE0 = {
			isa = PBXGroup;
			children = (
				A7F9FB8622D67F8100F90DE0 /* StarWarsTrivia */,
				A7F9FB9B22D67F8400F90DE0 /* StarWarsTriviaTests */,
				A7F9FBA622D67F8400F90DE0 /* StarWarsTriviaUITests */,
				A7F9FB8522D67F8100F90DE0 /* Products */,
			);
			sourceTree = "<group>";
		};
		A7F9FB8522D67F8100F90DE0 /* Products */ = {
			isa = PBXGroup;
			children = (
				A7F9FB8422D67F8100F90DE0 /* StarWarsTrivia.app */,
				A7F9FB9822D67F8400F90DE0 /* StarWarsTriviaTests.xctest */,
				A7F9FBA322D67F8400F90DE0 /* StarWarsTriviaUITests.xctest */,
			);
			name = Products;
			sourceTree = "<group>";
		};
		A7F9FB8622D67F8100F90DE0 /* StarWarsTrivia */ = {
			isa = PBXGroup;
			children = (
				A7F9FB8722D67F8100F90DE0 /* AppDelegate.swift */,
				A7F9FB8922D67F8100F90DE0 /* ViewController.swift */,
				A7F9FB8B22D67F8100F90DE0 /* Main.storyboard */,
				A7F9FB8E22D67F8300F90DE0 /* Assets.xcassets */,
				A7F9FB9022D67F8300F90DE0 /* LaunchScreen.storyboard */,
				A7F9FB9322D67F8300F90DE0 /* Info.plist */,
				A7F9FBB522D6874700F90DE0 /* QuizController.swift */,
				A7F9FBB722D6A26800F90DE0 /* ResultsController.swift */,
			);
			path = StarWarsTrivia;
			sourceTree = "<group>";
		};
		A7F9FB9B22D67F8400F90DE0 /* StarWarsTriviaTests */ = {
			isa = PBXGroup;
			children = (
				A7F9FB9C22D67F8400F90DE0 /* StarWarsTriviaTests.swift */,
				A7F9FB9E22D67F8400F90DE0 /* Info.plist */,
			);
			path = StarWarsTriviaTests;
			sourceTree = "<group>";
		};
		A7F9FBA622D67F8400F90DE0 /* StarWarsTriviaUITests */ = {
			isa = PBXGroup;
			children = (
				A7F9FBA722D67F8400F90DE0 /* StarWarsTriviaUITests.swift */,
				A7F9FBA922D67F8400F90DE0 /* Info.plist */,
			);
			path = StarWarsTriviaUITests;
			sourceTree = "<group>";
		};
/* End PBXGroup section */

/* Begin PBXNativeTarget section */
		A7F9FB8322D67F8100F90DE0 /* StarWarsTrivia */ = {
			isa = PBXNativeTarget;
			buildConfigurationList = A7F9FBAC22D67F8400F90DE0 /* Build configuration list for PBXNativeTarget "StarWarsTrivia" */;
			buildPhases = (
				A7F9FB8022D67F8100F90DE0 /* Sources */,
				A7F9FB8122D67F8100F90DE0 /* Frameworks */,
				A7F9FB8222D67F8100F90DE0 /* Resources */,
			);
			buildRules = (
			);
			dependencies = (
			);
			name = StarWarsTrivia;
			productName = StarWarsTrivia;
			productReference = A7F9FB8422D67F8100F90DE0 /* StarWarsTrivia.app */;
			productType = "com.apple.product-type.application";
		};
		A7F9FB9722D67F8400F90DE0 /* StarWarsTriviaTests */ = {
			isa = PBXNativeTarget;
			buildConfigurationList = A7F9FBAF22D67F8400F90DE0 /* Build configuration list for PBXNativeTarget "StarWarsTriviaTests" */;
			buildPhases = (
				A7F9FB9422D67F8400F90DE0 /* Sources */,
				A7F9FB9522D67F8400F90DE0 /* Frameworks */,
				A7F9FB9622D67F8400F90DE0 /* Resources */,
			);
			buildRules = (
			);
			dependencies = (
				A7F9FB9A22D67F8400F90DE0 /* PBXTargetDependency */,
			);
			name = StarWarsTriviaTests;
			productName = StarWarsTriviaTests;
			productReference = A7F9FB9822D67F8400F90DE0 /* StarWarsTriviaTests.xctest */;
			productType = "com.apple.product-type.bundle.unit-test";
		};
		A7F9FBA222D67F8400F90DE0 /* StarWarsTriviaUITests */ = {
			isa = PBXNativeTarget;
			buildConfigurationList = A7F9FBB222D67F8400F90DE0 /* Build configuration list for PBXNativeTarget "StarWarsTriviaUITests" */;
			buildPhases = (
				A7F9FB9F22D67F8400F90DE0 /* Sources */,
				A7F9FBA022D67F8400F90DE0 /* Frameworks */,
				A7F9FBA122D67F8400F90DE0 /* Resources */,
			);
			buildRules = (
			);
			dependencies = (
				A7F9FBA522D67F8400F90DE0 /* PBXTargetDependency */,
			);
			name = StarWarsTriviaUITests;
			productName = StarWarsTriviaUITests;
			productReference = A7F9FBA322D67F8400F90DE0 /* StarWarsTriviaUITests.xctest */;
			productType = "com.apple.product-type.bundle.ui-testing";
		};
/* End PBXNativeTarget section */

/* Begin PBXProject section */
		A7F9FB7C22D67F8100F90DE0 /* Project object */ = {
			isa = PBXProject;
			attributes = {
				LastSwiftUpdateCheck = 1010;
				LastUpgradeCheck = 1010;
				ORGANIZATIONNAME = "Safiyah Lakhany";
				TargetAttributes = {
					A7F9FB8322D67F8100F90DE0 = {
						CreatedOnToolsVersion = 10.1;
						LastSwiftMigration = 1130;
					};
					A7F9FB9722D67F8400F90DE0 = {
						CreatedOnToolsVersion = 10.1;
						LastSwiftMigration = 1130;
						TestTargetID = A7F9FB8322D67F8100F90DE0;
					};
					A7F9FBA222D67F8400F90DE0 = {
						CreatedOnToolsVersion = 10.1;
						LastSwiftMigration = 1130;
						TestTargetID = A7F9FB8322D67F8100F90DE0;
					};
				};
			};
			buildConfigurationList = A7F9FB7F22D67F8100F90DE0 /* Build configuration list for PBXProject "StarWarsTrivia" */;
			compatibilityVersion = "Xcode 9.3";
			developmentRegion = en;
			hasScannedForEncodings = 0;
			knownRegions = (
				en,
				Base,
			);
			mainGroup = A7F9FB7B22D67F8100F90DE0;
			productRefGroup = A7F9FB8522D67F8100F90DE0 /* Products */;
			projectDirPath = "";
			projectRoot = "";
			targets = (
				A7F9FB8322D67F8100F90DE0 /* StarWarsTrivia */,
				A7F9FB9722D67F8400F90DE0 /* StarWarsTriviaTests */,
				A7F9FBA222D67F8400F90DE0 /* StarWarsTriviaUITests */,
			);
		};
/* End PBXProject section */

/* Begin PBXResourcesBuildPhase section */
		A7F9FB8222D67F8100F90DE0 /* Resources */ = {
			isa = PBXResourcesBuildPhase;
			buildActionMask = 2147483647;
			files = (
				A7F9FB9222D67F8300F90DE0 /* LaunchScreen.storyboard in Resources */,
				A7F9FB8F22D67F8300F90DE0 /* Assets.xcassets in Resources */,
				A7F9FB8D22D67F8100F90DE0 /* Main.storyboard in Resources */,
			);
			runOnlyForDeploymentPostprocessing = 0;
		};
		A7F9FB9622D67F8400F90DE0 /* Resources */ = {
			isa = PBXResourcesBuildPhase;
			buildActionMask = 2147483647;
			files = (
			);
			runOnlyForDeploymentPostprocessing = 0;
		};
		A7F9FBA122D67F8400F90DE0 /* Resources */ = {
			isa = PBXResourcesBuildPhase;
			buildActionMask = 2147483647;
			files = (
			);
			runOnlyForDeploymentPostprocessing = 0;
		};
/* End PBXResourcesBuildPhase section */

/* Begin PBXSourcesBuildPhase section */
		A7F9FB8022D67F8100F90DE0 /* Sources */ = {
			isa = PBXSourcesBuildPhase;
			buildActionMask = 2147483647;
			files = (
				A7F9FBB822D6A26900F90DE0 /* ResultsController.swift in Sources */,
				A7F9FB8A22D67F8100F90DE0 /* ViewController.swift in Sources */,
				A7F9FB8822D67F8100F90DE0 /* AppDelegate.swift in Sources */,
				A7F9FBB622D6874700F90DE0 /* QuizController.swift in Sources */,
			);
			runOnlyForDeploymentPostprocessing = 0;
		};
		A7F9FB9422D67F8400F90DE0 /* Sources */ = {
			isa = PBXSourcesBuildPhase;
			buildActionMask = 2147483647;
			files = (
				A7F9FB9D22D67F8400F90DE0 /* StarWarsTriviaTests.swift in Sources */,
			);
			runOnlyForDeploymentPostprocessing = 0;
		};
		A7F9FB9F22D67F8400F90DE0 /* Sources */ = {
			isa = PBXSourcesBuildPhase;
			buildActionMask = 2147483647;
			files = (
				A7F9FBA822D67F8400F90DE0 /* StarWarsTriviaUITests.swift in Sources */,
			);
			runOnlyForDeploymentPostprocessing = 0;
		};
/* End PBXSourcesBuildPhase section */

/* Begin PBXTargetDependency section */
		A7F9FB9A22D67F8400F90DE0 /* PBXTargetDependency */ = {
			isa = PBXTargetDependency;
			target = A7F9FB8322D67F8100F90DE0 /* StarWarsTrivia */;
			targetProxy = A7F9FB9922D67F8400F90DE0 /* PBXContainerItemProxy */;
		};
		A7F9FBA522D67F8400F90DE0 /* PBXTargetDependency */ = {
			isa = PBXTargetDependency;
			target = A7F9FB8322D67F8100F90DE0 /* StarWarsTrivia */;
			targetProxy = A7F9FBA422D67F8400F90DE0 /* PBXContainerItemProxy */;
		};
/* End PBXTargetDependency section */

/* Begin PBXVariantGroup section */
		A7F9FB8B22D67F8100F90DE0 /* Main.storyboard */ = {
			isa = PBXVariantGroup;
			children = (
				A7F9FB8C22D67F8100F90DE0 /* Base */,
			);
			name = Main.storyboard;
			sourceTree = "<group>";
		};
		A7F9FB9022D67F8300F90DE0 /* LaunchScreen.storyboard */ = {
			isa = PBXVariantGroup;
			children = (
				A7F9FB9122D67F8300F90DE0 /* Base */,
			);
			name = LaunchScreen.storyboard;
			sourceTree = "<group>";
		};
/* End PBXVariantGroup section */

/* Begin XCBuildConfiguration section */
		A7F9FBAA22D67F8400F90DE0 /* Debug */ = {
			isa = XCBuildConfiguration;
			buildSettings = {
				ALWAYS_SEARCH_USER_PATHS = NO;
				CLANG_ANALYZER_NONNULL = YES;
				CLANG_ANALYZER_NUMBER_OBJECT_CONVERSION = YES_AGGRESSIVE;
				CLANG_CXX_LANGUAGE_STANDARD = "gnu++14";
				CLANG_CXX_LIBRARY = "libc++";
				CLANG_ENABLE_MODULES = YES;
				CLANG_ENABLE_OBJC_ARC = YES;
				CLANG_ENABLE_OBJC_WEAK = YES;
				CLANG_WARN_BLOCK_CAPTURE_AUTORELEASING = YES;
				CLANG_WARN_BOOL_CONVERSION = YES;
				CLANG_WARN_COMMA = YES;
				CLANG_WARN_CONSTANT_CONVERSION = YES;
				CLANG_WARN_DEPRECATED_OBJC_IMPLEMENTATIONS = YES;
				CLANG_WARN_DIRECT_OBJC_ISA_USAGE = YES_ERROR;
				CLANG_WARN_DOCUMENTATION_COMMENTS = YES;
				CLANG_WARN_EMPTY_BODY = YES;
				CLANG_WARN_ENUM_CONVERSION = YES;
				CLANG_WARN_INFINITE_RECURSION = YES;
				CLANG_WARN_INT_CONVERSION = YES;
				CLANG_WARN_NON_LITERAL_NULL_CONVERSION = YES;
				CLANG_WARN_OBJC_IMPLICIT_RETAIN_SELF = YES;
				CLANG_WARN_OBJC_LITERAL_CONVERSION = YES;
				CLANG_WARN_OBJC_ROOT_CLASS = YES_ERROR;
				CLANG_WARN_RANGE_LOOP_ANALYSIS = YES;
				CLANG_WARN_STRICT_PROTOTYPES = YES;
				CLANG_WARN_SUSPICIOUS_MOVE = YES;
				CLANG_WARN_UNGUARDED_AVAILABILITY = YES_AGGRESSIVE;
				CLANG_WARN_UNREACHABLE_CODE = YES;
				CLANG_WARN__DUPLICATE_METHOD_MATCH = YES;
				CODE_SIGN_IDENTITY = "iPhone Developer";
				COPY_PHASE_STRIP = NO;
				DEBUG_INFORMATION_FORMAT = dwarf;
				ENABLE_STRICT_OBJC_MSGSEND = YES;
				ENABLE_TESTABILITY = YES;
				GCC_C_LANGUAGE_STANDARD = gnu11;
				GCC_DYNAMIC_NO_PIC = NO;
				GCC_NO_COMMON_BLOCKS = YES;
				GCC_OPTIMIZATION_LEVEL = 0;
				GCC_PREPROCESSOR_DEFINITIONS = (
					"DEBUG=1",
					"$(inherited)",
				);
				GCC_WARN_64_TO_32_BIT_CONVERSION = YES;
				GCC_WARN_ABOUT_RETURN_TYPE = YES_ERROR;
				GCC_WARN_UNDECLARED_SELECTOR = YES;
				GCC_WARN_UNINITIALIZED_AUTOS = YES_AGGRESSIVE;
				GCC_WARN_UNUSED_FUNCTION = YES;
				GCC_WARN_UNUSED_VARIABLE = YES;
				IPHONEOS_DEPLOYMENT_TARGET = 12.1;
				MTL_ENABLE_DEBUG_INFO = INCLUDE_SOURCE;
				MTL_FAST_MATH = YES;
				ONLY_ACTIVE_ARCH = YES;
				SDKROOT = iphoneos;
				SWIFT_ACTIVE_COMPILATION_CONDITIONS = DEBUG;
				SWIFT_OPTIMIZATION_LEVEL = "-Onone";
			};
			name = Debug;
		};
		A7F9FBAB22D67F8400F90DE0 /* Release */ = {
			isa = XCBuildConfiguration;
			buildSettings = {
				ALWAYS_SEARCH_USER_PATHS = NO;
				CLANG_ANALYZER_NONNULL = YES;
				CLANG_ANALYZER_NUMBER_OBJECT_CONVERSION = YES_AGGRESSIVE;
				CLANG_CXX_LANGUAGE_STANDARD = "gnu++14";
				CLANG_CXX_LIBRARY = "libc++";
				CLANG_ENABLE_MODULES = YES;
				CLANG_ENABLE_OBJC_ARC = YES;
				CLANG_ENABLE_OBJC_WEAK = YES;
				CLANG_WARN_BLOCK_CAPTURE_AUTORELEASING = YES;
				CLANG_WARN_BOOL_CONVERSION = YES;
				CLANG_WARN_COMMA = YES;
				CLANG_WARN_CONSTANT_CONVERSION = YES;
				CLANG_WARN_DEPRECATED_OBJC_IMPLEMENTATIONS = YES;
				CLANG_WARN_DIRECT_OBJC_ISA_USAGE = YES_ERROR;
				CLANG_WARN_DOCUMENTATION_COMMENTS = YES;
				CLANG_WARN_EMPTY_BODY = YES;
				CLANG_WARN_ENUM_CONVERSION = YES;
				CLANG_WARN_INFINITE_RECURSION = YES;
				CLANG_WARN_INT_CONVERSION = YES;
				CLANG_WARN_NON_LITERAL_NULL_CONVERSION = YES;
				CLANG_WARN_OBJC_IMPLICIT_RETAIN_SELF = YES;
				CLANG_WARN_OBJC_LITERAL_CONVERSION = YES;
				CLANG_WARN_OBJC_ROOT_CLASS = YES_ERROR;
				CLANG_WARN_RANGE_LOOP_ANALYSIS = YES;
				CLANG_WARN_STRICT_PROTOTYPES = YES;
				CLANG_WARN_SUSPICIOUS_MOVE = YES;
				CLANG_WARN_UNGUARDED_AVAILABILITY = YES_AGGRESSIVE;
				CLANG_WARN_UNREACHABLE_CODE = YES;
				CLANG_WARN__DUPLICATE_METHOD_MATCH = YES;
				CODE_SIGN_IDENTITY = "iPhone Developer";
				COPY_PHASE_STRIP = NO;
				DEBUG_INFORMATION_FORMAT = "dwarf-with-dsym";
				ENABLE_NS_ASSERTIONS = NO;
				ENABLE_STRICT_OBJC_MSGSEND = YES;
				GCC_C_LANGUAGE_STANDARD = gnu11;
				GCC_NO_COMMON_BLOCKS = YES;
				GCC_WARN_64_TO_32_BIT_CONVERSION = YES;
				GCC_WARN_ABOUT_RETURN_TYPE = YES_ERROR;
				GCC_WARN_UNDECLARED_SELECTOR = YES;
				GCC_WARN_UNINITIALIZED_AUTOS = YES_AGGRESSIVE;
				GCC_WARN_UNUSED_FUNCTION = YES;
				GCC_WARN_UNUSED_VARIABLE = YES;
				IPHONEOS_DEPLOYMENT_TARGET = 12.1;
				MTL_ENABLE_DEBUG_INFO = NO;
				MTL_FAST_MATH = YES;
				SDKROOT = iphoneos;
				SWIFT_COMPILATION_MODE = wholemodule;
				SWIFT_OPTIMIZATION_LEVEL = "-O";
				VALIDATE_PRODUCT = YES;
			};
			name = Release;
		};
		A7F9FBAD22D67F8400F90DE0 /* Debug */ = {
			isa = XCBuildConfiguration;
			buildSettings = {
				ASSETCATALOG_COMPILER_APPICON_NAME = AppIcon;
				CODE_SIGN_STYLE = Automatic;
				DEVELOPMENT_TEAM = BM495Y497C;
				INFOPLIST_FILE = StarWarsTrivia/Info.plist;
				LD_RUNPATH_SEARCH_PATHS = (
					"$(inherited)",
					"@executable_path/Frameworks",
				);
				PRODUCT_BUNDLE_IDENTIFIER = SL.StarWarsTrivia;
				PRODUCT_NAME = "$(TARGET_NAME)";
				SWIFT_VERSION = 5.0;
				TARGETED_DEVICE_FAMILY = "1,2";
			};
			name = Debug;
		};
		A7F9FBAE22D67F8400F90DE0 /* Release */ = {
			isa = XCBuildConfiguration;
			buildSettings = {
				ASSETCATALOG_COMPILER_APPICON_NAME = AppIcon;
				CODE_SIGN_STYLE = Automatic;
				DEVELOPMENT_TEAM = BM495Y497C;
				INFOPLIST_FILE = StarWarsTrivia/Info.plist;
				LD_RUNPATH_SEARCH_PATHS = (
					"$(inherited)",
					"@executable_path/Frameworks",
				);
				PRODUCT_BUNDLE_IDENTIFIER = SL.StarWarsTrivia;
				PRODUCT_NAME = "$(TARGET_NAME)";
				SWIFT_VERSION = 5.0;
				TARGETED_DEVICE_FAMILY = "1,2";
			};
			name = Release;
		};
		A7F9FBB022D67F8400F90DE0 /* Debug */ = {
			isa = XCBuildConfiguration;
			buildSettings = {
				ALWAYS_EMBED_SWIFT_STANDARD_LIBRARIES = YES;
				BUNDLE_LOADER = "$(TEST_HOST)";
				CODE_SIGN_STYLE = Automatic;
				INFOPLIST_FILE = StarWarsTriviaTests/Info.plist;
				LD_RUNPATH_SEARCH_PATHS = (
					"$(inherited)",
					"@executable_path/Frameworks",
					"@loader_path/Frameworks",
				);
				PRODUCT_BUNDLE_IDENTIFIER = SL.StarWarsTriviaTests;
				PRODUCT_NAME = "$(TARGET_NAME)";
				SWIFT_VERSION = 5.0;
				TARGETED_DEVICE_FAMILY = "1,2";
				TEST_HOST = "$(BUILT_PRODUCTS_DIR)/StarWarsTrivia.app/StarWarsTrivia";
			};
			name = Debug;
		};
		A7F9FBB122D67F8400F90DE0 /* Release */ = {
			isa = XCBuildConfiguration;
			buildSettings = {
				ALWAYS_EMBED_SWIFT_STANDARD_LIBRARIES = YES;
				BUNDLE_LOADER = "$(TEST_HOST)";
				CODE_SIGN_STYLE = Automatic;
				INFOPLIST_FILE = StarWarsTriviaTests/Info.plist;
				LD_RUNPATH_SEARCH_PATHS = (
					"$(inherited)",
					"@executable_path/Frameworks",
					"@loader_path/Frameworks",
				);
				PRODUCT_BUNDLE_IDENTIFIER = SL.StarWarsTriviaTests;
				PRODUCT_NAME = "$(TARGET_NAME)";
				SWIFT_VERSION = 5.0;
				TARGETED_DEVICE_FAMILY = "1,2";
				TEST_HOST = "$(BUILT_PRODUCTS_DIR)/StarWarsTrivia.app/StarWarsTrivia";
			};
			name = Release;
		};
		A7F9FBB322D67F8400F90DE0 /* Debug */ = {
			isa = XCBuildConfiguration;
			buildSettings = {
				ALWAYS_EMBED_SWIFT_STANDARD_LIBRARIES = YES;
				CODE_SIGN_STYLE = Automatic;
				INFOPLIST_FILE = StarWarsTriviaUITests/Info.plist;
				LD_RUNPATH_SEARCH_PATHS = (
					"$(inherited)",
					"@executable_path/Frameworks",
					"@loader_path/Frameworks",
				);
				PRODUCT_BUNDLE_IDENTIFIER = SL.StarWarsTriviaUITests;
				PRODUCT_NAME = "$(TARGET_NAME)";
				SWIFT_VERSION = 5.0;
				TARGETED_DEVICE_FAMILY = "1,2";
				TEST_TARGET_NAME = StarWarsTrivia;
			};
			name = Debug;
		};
		A7F9FBB422D67F8400F90DE0 /* Release */ = {
			isa = XCBuildConfiguration;
			buildSettings = {
				ALWAYS_EMBED_SWIFT_STANDARD_LIBRARIES = YES;
				CODE_SIGN_STYLE = Automatic;
				INFOPLIST_FILE = StarWarsTriviaUITests/Info.plist;
				LD_RUNPATH_SEARCH_PATHS = (
					"$(inherited)",
					"@executable_path/Frameworks",
					"@loader_path/Frameworks",
				);
				PRODUCT_BUNDLE_IDENTIFIER = SL.StarWarsTriviaUITests;
				PRODUCT_NAME = "$(TARGET_NAME)";
				SWIFT_VERSION = 5.0;
				TARGETED_DEVICE_FAMILY = "1,2";
				TEST_TARGET_NAME = StarWarsTrivia;
			};
			name = Release;
		};
/* End XCBuildConfiguration section */

/* Begin XCConfigurationList section */
		A7F9FB7F22D67F8100F90DE0 /* Build configuration list for PBXProject "StarWarsTrivia" */ = {
			isa = XCConfigurationList;
			buildConfigurations = (
				A7F9FBAA22D67F8400F90DE0 /* Debug */,
				A7F9FBAB22D67F8400F90DE0 /* Release */,
			);
			defaultConfigurationIsVisible = 0;
			defaultConfigurationName = Release;
		};
		A7F9FBAC22D67F8400F90DE0 /* Build configuration list for PBXNativeTarget "StarWarsTrivia" */ = {
			isa = XCConfigurationList;
			buildConfigurations = (
				A7F9FBAD22D67F8400F90DE0 /* Debug */,
				A7F9FBAE22D67F8400F90DE0 /* Release */,
			);
			defaultConfigurationIsVisible = 0;
			defaultConfigurationName = Release;
		};
		A7F9FBAF22D67F8400F90DE0 /* Build configuration list for PBXNativeTarget "StarWarsTriviaTests" */ = {
			isa = XCConfigurationList;
			buildConfigurations = (
				A7F9FBB022D67F8400F90DE0 /* Debug */,
				A7F9FBB122D67F8400F90DE0 /* Release */,
			);
			defaultConfigurationIsVisible = 0;
			defaultConfigurationName = Release;
		};
		A7F9FBB222D67F8400F90DE0 /* Build configuration list for PBXNativeTarget "StarWarsTriviaUITests" */ = {
			isa = XCConfigurationList;
			buildConfigurations = (
				A7F9FBB322D67F8400F90DE0 /* Debug */,
				A7F9FBB422D67F8400F90DE0 /* Release */,
			);
			defaultConfigurationIsVisible = 0;
			defaultConfigurationName = Release;
		};
/* End XCConfigurationList section */
	};
	rootObject = A7F9FB7C22D67F8100F90DE0 /* Project object */;
}
